
Microsoft Visual Studio Solution File, Format Version 12.00
# Visual Studio Version 16
VisualStudioVersion = 16.0.29215.179
MinimumVisualStudioVersion = 10.0.40219.1
Project("{FAE04EC0-301F-11D3-BF4B-00C04F79EFBC}") = "Class Project - Methods", "Class Project - Methods.csproj", "{48F86F9E-52C0-4DAF-B19C-12DC0E773475}"
EndProject
Global
	GlobalSection(SolutionConfigurationPlatforms) = preSolution
		Debug|Any CPU = Debug|Any CPU
		Release|Any CPU = Release|Any CPU
	EndGlobalSection
	GlobalSection(ProjectConfigurationPlatforms) = postSolution
		{48F86F9E-52C0-4DAF-B19C-12DC0E773475}.Debug|Any CPU.ActiveCfg = Debug|Any CPU
		{48F86F9E-52C0-4DAF-B19C-12DC0E773475}.Debug|Any CPU.Build.0 = Debug|Any CPU
		{48F86F9E-52C0-4DAF-B19C-12DC0E773475}.Release|Any CPU.ActiveCfg = Release|Any CPU
		{48F86F9E-52C0-4DAF-B19C-12DC0E773475}.Release|Any CPU.Build.0 = Release|Any CPU
	EndGlobalSection
	GlobalSection(SolutionProperties) = preSolution
		HideSolutionNode = FALSE
	EndGlobalSection
	GlobalSection(ExtensibilityGlobals) = postSolution
		SolutionGuid = {889D6F03-0F58-4717-8F21-9545CEC7BA27}
	EndGlobalSection
EndGlobal
